{
  "requires": true,
  "lockfileVersion": 1,
  "dependencies": {
    "react-navigate": {
      "version": "0.6.0",
      "resolved": "https://registry.npmjs.org/react-navigate/-/react-navigate-0.6.0.tgz",
      "integrity": "sha512-v2aj3+QRXsKTBaR1sAYIJk809OiFKB2Udbd7rn0wv7mro3OTt65Yjm9ZcyBH0zZpzAgMbhFNo5DaPXot7snW/A==",
      "requires": {
        "throttleit": "1.0.0"
      }
    },
    "throttleit": {
      "version": "1.0.0",
      "resolved": "https://registry.npmjs.org/throttleit/-/throttleit-1.0.0.tgz",
      "integrity": "sha1-nnhYNtr0Z0MUWlmEtiaNgoUorGw="
    }
  }
}
